
Microsoft Visual Studio Solution File, Format Version 12.00
# Visual Studio Version 16
VisualStudioVersion = 16.0.33920.266
MinimumVisualStudioVersion = 10.0.40219.1
Project("{FAE04EC0-301F-11D3-BF4B-00C04F79EFBC}") = "Models", "Models\Models.csproj", "{7BAD8BAA-FFE2-47A1-88EF-1FE0844E8508}"
EndProject
Project("{FAE04EC0-301F-11D3-BF4B-00C04F79EFBC}") = "Data", "Data\Data.csproj", "{9297D566-0455-464F-B369-6061309FEDE2}"
EndProject
Project("{FAE04EC0-301F-11D3-BF4B-00C04F79EFBC}") = "Services", "Services\Services.csproj", "{C0E0A88A-1047-4C30-9551-27BFBEAF3EE3}"
EndProject
Project("{FAE04EC0-301F-11D3-BF4B-00C04F79EFBC}") = "API", "API\API.csproj", "{48D88327-3C61-469F-A419-CE7AB0C39C92}"
EndProject
Project("{FAE04EC0-301F-11D3-BF4B-00C04F79EFBC}") = "Client", "Client\Client.csproj", "{548F72C3-6DC3-4AB2-8B03-F39746BEE664}"
EndProject
Global
	GlobalSection(SolutionConfigurationPlatforms) = preSolution
		Debug|Any CPU = Debug|Any CPU
		Release|Any CPU = Release|Any CPU
	EndGlobalSection
	GlobalSection(ProjectConfigurationPlatforms) = postSolution
		{7BAD8BAA-FFE2-47A1-88EF-1FE0844E8508}.Debug|Any CPU.ActiveCfg = Debug|Any CPU
		{7BAD8BAA-FFE2-47A1-88EF-1FE0844E8508}.Debug|Any CPU.Build.0 = Debug|Any CPU
		{7BAD8BAA-FFE2-47A1-88EF-1FE0844E8508}.Release|Any CPU.ActiveCfg = Release|Any CPU
		{7BAD8BAA-FFE2-47A1-88EF-1FE0844E8508}.Release|Any CPU.Build.0 = Release|Any CPU
		{9297D566-0455-464F-B369-6061309FEDE2}.Debug|Any CPU.ActiveCfg = Debug|Any CPU
		{9297D566-0455-464F-B369-6061309FEDE2}.Debug|Any CPU.Build.0 = Debug|Any CPU
		{9297D566-0455-464F-B369-6061309FEDE2}.Release|Any CPU.ActiveCfg = Release|Any CPU
		{9297D566-0455-464F-B369-6061309FEDE2}.Release|Any CPU.Build.0 = Release|Any CPU
		{C0E0A88A-1047-4C30-9551-27BFBEAF3EE3}.Debug|Any CPU.ActiveCfg = Debug|Any CPU
		{C0E0A88A-1047-4C30-9551-27BFBEAF3EE3}.Debug|Any CPU.Build.0 = Debug|Any CPU
		{C0E0A88A-1047-4C30-9551-27BFBEAF3EE3}.Release|Any CPU.ActiveCfg = Release|Any CPU
		{C0E0A88A-1047-4C30-9551-27BFBEAF3EE3}.Release|Any CPU.Build.0 = Release|Any CPU
		{48D88327-3C61-469F-A419-CE7AB0C39C92}.Debug|Any CPU.ActiveCfg = Debug|Any CPU
		{48D88327-3C61-469F-A419-CE7AB0C39C92}.Debug|Any CPU.Build.0 = Debug|Any CPU
		{48D88327-3C61-469F-A419-CE7AB0C39C92}.Release|Any CPU.ActiveCfg = Release|Any CPU
		{48D88327-3C61-469F-A419-CE7AB0C39C92}.Release|Any CPU.Build.0 = Release|Any CPU
		{548F72C3-6DC3-4AB2-8B03-F39746BEE664}.Debug|Any CPU.ActiveCfg = Debug|Any CPU
		{548F72C3-6DC3-4AB2-8B03-F39746BEE664}.Debug|Any CPU.Build.0 = Debug|Any CPU
		{548F72C3-6DC3-4AB2-8B03-F39746BEE664}.Release|Any CPU.ActiveCfg = Release|Any CPU
		{548F72C3-6DC3-4AB2-8B03-F39746BEE664}.Release|Any CPU.Build.0 = Release|Any CPU
	EndGlobalSection
	GlobalSection(SolutionProperties) = preSolution
		HideSolutionNode = FALSE
	EndGlobalSection
	GlobalSection(ExtensibilityGlobals) = postSolution
		SolutionGuid = {C887C83D-1D13-4A1D-A132-C33C2E4235C7}
	EndGlobalSection
EndGlobal
